{
  "name": "core",
  "version": "1.0.0",
  "lockfileVersion": 3,
  "requires": true,
  "packages": {
    "": {
      "name": "core",
      "version": "1.0.0",
      "license": "ISC",
      "dependencies": {
        "@pinecone-database/pinecone": "^6.1.2"
      }
    },
    "node_modules/@pinecone-database/pinecone": {
      "version": "6.1.2",
      "resolved": "https://registry.npmjs.org/@pinecone-database/pinecone/-/pinecone-6.1.2.tgz",
      "integrity": "sha512-ydIlbtgIIHFgBL08sPzua5ckmOgtjgDz8xg21CnP1fqnnEgDmOlnfd10MRKU+fvFRhDlh4Md37SwZDr0d4cBqg==",
      "license": "Apache-2.0",
      "engines": {
        "node": ">=18.0.0"
      }
    }
  }
}
